// !$*UTF8*$!
{
	archiveVersion = 1;
	classes = {
	};
	objectVersion = 50;
	objects = {

/* Begin PBXBuildFile section */
		A5A9A03B2415338D00EBE6DE /* AppDelegate.swift in Sources */ = {isa = PBXBuildFile; fileRef = A5A9A03A2415338D00EBE6DE /* AppDelegate.swift */; };
		A5A9A03F2415338D00EBE6DE /* ViewController.swift in Sources */ = {isa = PBXBuildFile; fileRef = A5A9A03E2415338D00EBE6DE /* ViewController.swift */; };
		A5A9A0422415338D00EBE6DE /* Main.storyboard in Resources */ = {isa = PBXBuildFile; fileRef = A5A9A0402415338D00EBE6DE /* Main.storyboard */; };
		A5A9A0442415338E00EBE6DE /* Assets.xcassets in Resources */ = {isa = PBXBuildFile; fileRef = A5A9A0432415338E00EBE6DE /* Assets.xcassets */; };
		A5A9A0472415338E00EBE6DE /* LaunchScreen.storyboard in Resources */ = {isa = PBXBuildFile; fileRef = A5A9A0452415338E00EBE6DE /* LaunchScreen.storyboard */; };
		B06365D67ECEB25B8B31AC6E /* Pods_NewsBrowser.framework in Frameworks */ = {isa = PBXBuildFile; fileRef = 1CF0F2F162926A1CAA3884ED /* Pods_NewsBrowser.framework */; };
/* End PBXBuildFile section */

/* Begin PBXFileReference section */
		1CF0F2F162926A1CAA3884ED /* Pods_NewsBrowser.framework */ = {isa = PBXFileReference; explicitFileType = wrapper.framework; includeInIndex = 0; path = Pods_NewsBrowser.framework; sourceTree = BUILT_PRODUCTS_DIR; };
		7B8EDD92AD385F11CF5E4D8C /* Pods-NewsBrowser.release.xcconfig */ = {isa = PBXFileReference; includeInIndex = 1; lastKnownFileType = text.xcconfig; name = "Pods-NewsBrowser.release.xcconfig"; path = "Target Support Files/Pods-NewsBrowser/Pods-NewsBrowser.release.xcconfig"; sourceTree = "<group>"; };
		A5A9A0372415338D00EBE6DE /* NewsBrowser.app */ = {isa = PBXFileReference; explicitFileType = wrapper.application; includeInIndex = 0; path = NewsBrowser.app; sourceTree = BUILT_PRODUCTS_DIR; };
		A5A9A03A2415338D00EBE6DE /* AppDelegate.swift */ = {isa = PBXFileReference; lastKnownFileType = sourcecode.swift; path = AppDelegate.swift; sourceTree = "<group>"; };
		A5A9A03E2415338D00EBE6DE /* ViewController.swift */ = {isa = PBXFileReference; lastKnownFileType = sourcecode.swift; path = ViewController.swift; sourceTree = "<group>"; };
		A5A9A0412415338D00EBE6DE /* Base */ = {isa = PBXFileReference; lastKnownFileType = file.storyboard; name = Base; path = Base.lproj/Main.storyboard; sourceTree = "<group>"; };
		A5A9A0432415338E00EBE6DE /* Assets.xcassets */ = {isa = PBXFileReference; lastKnownFileType = folder.assetcatalog; path = Assets.xcassets; sourceTree = "<group>"; };
		A5A9A0462415338E00EBE6DE /* Base */ = {isa = PBXFileReference; lastKnownFileType = file.storyboard; name = Base; path = Base.lproj/LaunchScreen.storyboard; sourceTree = "<group>"; };
		A5A9A0482415338E00EBE6DE /* Info.plist */ = {isa = PBXFileReference; lastKnownFileType = text.plist.xml; path = Info.plist; sourceTree = "<group>"; };
		C5D031365CDC2B34491E4B58 /* Pods-NewsBrowser.debug.xcconfig */ = {isa = PBXFileReference; includeInIndex = 1; lastKnownFileType = text.xcconfig; name = "Pods-NewsBrowser.debug.xcconfig"; path = "Target Support Files/Pods-NewsBrowser/Pods-NewsBrowser.debug.xcconfig"; sourceTree = "<group>"; };
/* End PBXFileReference section */

/* Begin PBXFrameworksBuildPhase section */
		A5A9A0342415338D00EBE6DE /* Frameworks */ = {
			isa = PBXFrameworksBuildPhase;
			buildActionMask = 2147483647;
			files = (
				B06365D67ECEB25B8B31AC6E /* Pods_NewsBrowser.framework in Frameworks */,
			);
			runOnlyForDeploymentPostprocessing = 0;
		};
/* End PBXFrameworksBuildPhase section */

/* Begin PBXGroup section */
		6E95952C52C33BD0BBBEC7FD /* Frameworks */ = {
			isa = PBXGroup;
			children = (
				1CF0F2F162926A1CAA3884ED /* Pods_NewsBrowser.framework */,
			);
			name = Frameworks;
			sourceTree = "<group>";
		};
		A5A9A02E2415338D00EBE6DE = {
			isa = PBXGroup;
			children = (
				A5A9A0392415338D00EBE6DE /* NewsBrowser */,
				A5A9A0382415338D00EBE6DE /* Products */,
				BBB7F7A89350E3D7AA796D9F /* Pods */,
				6E95952C52C33BD0BBBEC7FD /* Frameworks */,
			);
			sourceTree = "<group>";
		};
		A5A9A0382415338D00EBE6DE /* Products */ = {
			isa = PBXGroup;
			children = (
				A5A9A0372415338D00EBE6DE /* NewsBrowser.app */,
			);
			name = Products;
			sourceTree = "<group>";
		};
		A5A9A0392415338D00EBE6DE /* NewsBrowser */ = {
			isa = PBXGroup;
			children = (
				A5A9A03A2415338D00EBE6DE /* AppDelegate.swift */,
				A5A9A03E2415338D00EBE6DE /* ViewController.swift */,
				A5A9A0402415338D00EBE6DE /* Main.storyboard */,
				A5A9A0432415338E00EBE6DE /* Assets.xcassets */,
				A5A9A0452415338E00EBE6DE /* LaunchScreen.storyboard */,
				A5A9A0482415338E00EBE6DE /* Info.plist */,
			);
			path = NewsBrowser;
			sourceTree = "<group>";
		};
		BBB7F7A89350E3D7AA796D9F /* Pods */ = {
			isa = PBXGroup;
			children = (
				C5D031365CDC2B34491E4B58 /* Pods-NewsBrowser.debug.xcconfig */,
				7B8EDD92AD385F11CF5E4D8C /* Pods-NewsBrowser.release.xcconfig */,
			);
			name = Pods;
			path = Pods;
			sourceTree = "<group>";
		};
/* End PBXGroup section */

/* Begin PBXNativeTarget section */
		A5A9A0362415338D00EBE6DE /* NewsBrowser */ = {
			isa = PBXNativeTarget;
			buildConfigurationList = A5A9A04B2415338E00EBE6DE /* Build configuration list for PBXNativeTarget "NewsBrowser" */;
			buildPhases = (
				CA18998ADE662C7D854BB8C4 /* [CP] Check Pods Manifest.lock */,
				A5A9A0332415338D00EBE6DE /* Sources */,
				A5A9A0342415338D00EBE6DE /* Frameworks */,
				A5A9A0352415338D00EBE6DE /* Resources */,
				00414957D0FE1D3251C92B19 /* [CP] Embed Pods Frameworks */,
			);
			buildRules = (
			);
			dependencies = (
			);
			name = NewsBrowser;
			productName = NewsBrowser;
			productReference = A5A9A0372415338D00EBE6DE /* NewsBrowser.app */;
			productType = "com.apple.product-type.application";
		};
/* End PBXNativeTarget section */

/* Begin PBXProject section */
		A5A9A02F2415338D00EBE6DE /* Project object */ = {
			isa = PBXProject;
			attributes = {
				LastSwiftUpdateCheck = 1120;
				LastUpgradeCheck = 1120;
				ORGANIZATIONNAME = "Sandra Morcos";
				TargetAttributes = {
					A5A9A0362415338D00EBE6DE = {
						CreatedOnToolsVersion = 11.2.1;
					};
				};
			};
			buildConfigurationList = A5A9A0322415338D00EBE6DE /* Build configuration list for PBXProject "NewsBrowser" */;
			compatibilityVersion = "Xcode 9.3";
			developmentRegion = en;
			hasScannedForEncodings = 0;
			knownRegions = (
				en,
				Base,
			);
			mainGroup = A5A9A02E2415338D00EBE6DE;
			productRefGroup = A5A9A0382415338D00EBE6DE /* Products */;
			projectDirPath = "";
			projectRoot = "";
			targets = (
				A5A9A0362415338D00EBE6DE /* NewsBrowser */,
			);
		};
/* End PBXProject section */

/* Begin PBXResourcesBuildPhase section */
		A5A9A0352415338D00EBE6DE /* Resources */ = {
			isa = PBXResourcesBuildPhase;
			buildActionMask = 2147483647;
			files = (
				A5A9A0472415338E00EBE6DE /* LaunchScreen.storyboard in Resources */,
				A5A9A0442415338E00EBE6DE /* Assets.xcassets in Resources */,
				A5A9A0422415338D00EBE6DE /* Main.storyboard in Resources */,
			);
			runOnlyForDeploymentPostprocessing = 0;
		};
/* End PBXResourcesBuildPhase section */

/* Begin PBXShellScriptBuildPhase section */
		00414957D0FE1D3251C92B19 /* [CP] Embed Pods Frameworks */ = {
			isa = PBXShellScriptBuildPhase;
			buildActionMask = 2147483647;
			files = (
			);
			inputFileListPaths = (
				"${PODS_ROOT}/Target Support Files/Pods-NewsBrowser/Pods-NewsBrowser-frameworks-${CONFIGURATION}-input-files.xcfilelist",
			);
			name = "[CP] Embed Pods Frameworks";
			outputFileListPaths = (
				"${PODS_ROOT}/Target Support Files/Pods-NewsBrowser/Pods-NewsBrowser-frameworks-${CONFIGURATION}-output-files.xcfilelist",
			);
			runOnlyForDeploymentPostprocessing = 0;
			shellPath = /bin/sh;
			shellScript = "\"${PODS_ROOT}/Target Support Files/Pods-NewsBrowser/Pods-NewsBrowser-frameworks.sh\"\n";
			showEnvVarsInLog = 0;
		};
		CA18998ADE662C7D854BB8C4 /* [CP] Check Pods Manifest.lock */ = {
			isa = PBXShellScriptBuildPhase;
			buildActionMask = 2147483647;
			files = (
			);
			inputFileListPaths = (
			);
			inputPaths = (
				"${PODS_PODFILE_DIR_PATH}/Podfile.lock",
				"${PODS_ROOT}/Manifest.lock",
			);
			name = "[CP] Check Pods Manifest.lock";
			outputFileListPaths = (
			);
			outputPaths = (
				"$(DERIVED_FILE_DIR)/Pods-NewsBrowser-checkManifestLockResult.txt",
			);
			runOnlyForDeploymentPostprocessing = 0;
			shellPath = /bin/sh;
			shellScript = "diff \"${PODS_PODFILE_DIR_PATH}/Podfile.lock\" \"${PODS_ROOT}/Manifest.lock\" > /dev/null\nif [ $? != 0 ] ; then\n    # print error to STDERR\n    echo \"error: The sandbox is not in sync with the Podfile.lock. Run 'pod install' or update your CocoaPods installation.\" >&2\n    exit 1\nfi\n# This output is used by Xcode 'outputs' to avoid re-running this script phase.\necho \"SUCCESS\" > \"${SCRIPT_OUTPUT_FILE_0}\"\n";
			showEnvVarsInLog = 0;
		};
/* End PBXShellScriptBuildPhase section */

/* Begin PBXSourcesBuildPhase section */
		A5A9A0332415338D00EBE6DE /* Sources */ = {
			isa = PBXSourcesBuildPhase;
			buildActionMask = 2147483647;
			files = (
				A5A9A03F2415338D00EBE6DE /* ViewController.swift in Sources */,
				A5A9A03B2415338D00EBE6DE /* AppDelegate.swift in Sources */,
			);
			runOnlyForDeploymentPostprocessing = 0;
		};
/* End PBXSourcesBuildPhase section */

/* Begin PBXVariantGroup section */
		A5A9A0402415338D00EBE6DE /* Main.storyboard */ = {
			isa = PBXVariantGroup;
			children = (
				A5A9A0412415338D00EBE6DE /* Base */,
			);
			name = Main.storyboard;
			sourceTree = "<group>";
		};
		A5A9A0452415338E00EBE6DE /* LaunchScreen.storyboard */ = {
			isa = PBXVariantGroup;
			children = (
				A5A9A0462415338E00EBE6DE /* Base */,
			);
			name = LaunchScreen.storyboard;
			sourceTree = "<group>";
		};
/* End PBXVariantGroup section */

/* Begin XCBuildConfiguration section */
		A5A9A0492415338E00EBE6DE /* Debug */ = {
			isa = XCBuildConfiguration;
			buildSettings = {
				ALWAYS_SEARCH_USER_PATHS = NO;
				CLANG_ANALYZER_NONNULL = YES;
				CLANG_ANALYZER_NUMBER_OBJECT_CONVERSION = YES_AGGRESSIVE;
				CLANG_CXX_LANGUAGE_STANDARD = "gnu++14";
				CLANG_CXX_LIBRARY = "libc++";
				CLANG_ENABLE_MODULES = YES;
				CLANG_ENABLE_OBJC_ARC = YES;
				CLANG_ENABLE_OBJC_WEAK = YES;
				CLANG_WARN_BLOCK_CAPTURE_AUTORELEASING = YES;
				CLANG_WARN_BOOL_CONVERSION = YES;
				CLANG_WARN_COMMA = YES;
				CLANG_WARN_CONSTANT_CONVERSION = YES;
				CLANG_WARN_DEPRECATED_OBJC_IMPLEMENTATIONS = YES;
				CLANG_WARN_DIRECT_OBJC_ISA_USAGE = YES_ERROR;
				CLANG_WARN_DOCUMENTATION_COMMENTS = YES;
				CLANG_WARN_EMPTY_BODY = YES;
				CLANG_WARN_ENUM_CONVERSION = YES;
				CLANG_WARN_INFINITE_RECURSION = YES;
				CLANG_WARN_INT_CONVERSION = YES;
				CLANG_WARN_NON_LITERAL_NULL_CONVERSION = YES;
				CLANG_WARN_OBJC_IMPLICIT_RETAIN_SELF = YES;
				CLANG_WARN_OBJC_LITERAL_CONVERSION = YES;
				CLANG_WARN_OBJC_ROOT_CLASS = YES_ERROR;
				CLANG_WARN_RANGE_LOOP_ANALYSIS = YES;
				CLANG_WARN_STRICT_PROTOTYPES = YES;
				CLANG_WARN_SUSPICIOUS_MOVE = YES;
				CLANG_WARN_UNGUARDED_AVAILABILITY = YES_AGGRESSIVE;
				CLANG_WARN_UNREACHABLE_CODE = YES;
				CLANG_WARN__DUPLICATE_METHOD_MATCH = YES;
				COPY_PHASE_STRIP = NO;
				DEBUG_INFORMATION_FORMAT = dwarf;
				ENABLE_STRICT_OBJC_MSGSEND = YES;
				ENABLE_TESTABILITY = YES;
				GCC_C_LANGUAGE_STANDARD = gnu11;
				GCC_DYNAMIC_NO_PIC = NO;
				GCC_NO_COMMON_BLOCKS = YES;
				GCC_OPTIMIZATION_LEVEL = 0;
				GCC_PREPROCESSOR_DEFINITIONS = (
					"DEBUG=1",
					"$(inherited)",
				);
				GCC_WARN_64_TO_32_BIT_CONVERSION = YES;
				GCC_WARN_ABOUT_RETURN_TYPE = YES_ERROR;
				GCC_WARN_UNDECLARED_SELECTOR = YES;
				GCC_WARN_UNINITIALIZED_AUTOS = YES_AGGRESSIVE;
				GCC_WARN_UNUSED_FUNCTION = YES;
				GCC_WARN_UNUSED_VARIABLE = YES;
				IPHONEOS_DEPLOYMENT_TARGET = 11;
				MTL_ENABLE_DEBUG_INFO = INCLUDE_SOURCE;
				MTL_FAST_MATH = YES;
				ONLY_ACTIVE_ARCH = YES;
				SDKROOT = iphoneos;
				SWIFT_ACTIVE_COMPILATION_CONDITIONS = DEBUG;
				SWIFT_OPTIMIZATION_LEVEL = "-Onone";
			};
			name = Debug;
		};
		A5A9A04A2415338E00EBE6DE /* Release */ = {
			isa = XCBuildConfiguration;
			buildSettings = {
				ALWAYS_SEARCH_USER_PATHS = NO;
				CLANG_ANALYZER_NONNULL = YES;
				CLANG_ANALYZER_NUMBER_OBJECT_CONVERSION = YES_AGGRESSIVE;
				CLANG_CXX_LANGUAGE_STANDARD = "gnu++14";
				CLANG_CXX_LIBRARY = "libc++";
				CLANG_ENABLE_MODULES = YES;
				CLANG_ENABLE_OBJC_ARC = YES;
				CLANG_ENABLE_OBJC_WEAK = YES;
				CLANG_WARN_BLOCK_CAPTURE_AUTORELEASING = YES;
				CLANG_WARN_BOOL_CONVERSION = YES;
				CLANG_WARN_COMMA = YES;
				CLANG_WARN_CONSTANT_CONVERSION = YES;
				CLANG_WARN_DEPRECATED_OBJC_IMPLEMENTATIONS = YES;
				CLANG_WARN_DIRECT_OBJC_ISA_USAGE = YES_ERROR;
				CLANG_WARN_DOCUMENTATION_COMMENTS = YES;
				CLANG_WARN_EMPTY_BODY = YES;
				CLANG_WARN_ENUM_CONVERSION = YES;
				CLANG_WARN_INFINITE_RECURSION = YES;
				CLANG_WARN_INT_CONVERSION = YES;
				CLANG_WARN_NON_LITERAL_NULL_CONVERSION = YES;
				CLANG_WARN_OBJC_IMPLICIT_RETAIN_SELF = YES;
				CLANG_WARN_OBJC_LITERAL_CONVERSION = YES;
				CLANG_WARN_OBJC_ROOT_CLASS = YES_ERROR;
				CLANG_WARN_RANGE_LOOP_ANALYSIS = YES;
				CLANG_WARN_STRICT_PROTOTYPES = YES;
				CLANG_WARN_SUSPICIOUS_MOVE = YES;
				CLANG_WARN_UNGUARDED_AVAILABILITY = YES_AGGRESSIVE;
				CLANG_WARN_UNREACHABLE_CODE = YES;
				CLANG_WARN__DUPLICATE_METHOD_MATCH = YES;
				COPY_PHASE_STRIP = NO;
				DEBUG_INFORMATION_FORMAT = "dwarf-with-dsym";
				ENABLE_NS_ASSERTIONS = NO;
				ENABLE_STRICT_OBJC_MSGSEND = YES;
				GCC_C_LANGUAGE_STANDARD = gnu11;
				GCC_NO_COMMON_BLOCKS = YES;
				GCC_WARN_64_TO_32_BIT_CONVERSION = YES;
				GCC_WARN_ABOUT_RETURN_TYPE = YES_ERROR;
				GCC_WARN_UNDECLARED_SELECTOR = YES;
				GCC_WARN_UNINITIALIZED_AUTOS = YES_AGGRESSIVE;
				GCC_WARN_UNUSED_FUNCTION = YES;
				GCC_WARN_UNUSED_VARIABLE = YES;
				IPHONEOS_DEPLOYMENT_TARGET = 11;
				MTL_ENABLE_DEBUG_INFO = NO;
				MTL_FAST_MATH = YES;
				SDKROOT = iphoneos;
				SWIFT_COMPILATION_MODE = wholemodule;
				SWIFT_OPTIMIZATION_LEVEL = "-O";
				VALIDATE_PRODUCT = YES;
			};
			name = Release;
		};
		A5A9A04C2415338E00EBE6DE /* Debug */ = {
			isa = XCBuildConfiguration;
			baseConfigurationReference = C5D031365CDC2B34491E4B58 /* Pods-NewsBrowser.debug.xcconfig */;
			buildSettings = {
				ASSETCATALOG_COMPILER_APPICON_NAME = AppIcon;
				CODE_SIGN_STYLE = Automatic;
				DEVELOPMENT_TEAM = RB5KH2XXSL;
				INFOPLIST_FILE = NewsBrowser/Info.plist;
				LD_RUNPATH_SEARCH_PATHS = (
					"$(inherited)",
					"@executable_path/Frameworks",
				);
				PRODUCT_BUNDLE_IDENTIFIER = com.sandramorcos.NewsBrowser;
				PRODUCT_NAME = "$(TARGET_NAME)";
				SWIFT_VERSION = 5.0;
				TARGETED_DEVICE_FAMILY = "1,2";
			};
			name = Debug;
		};
		A5A9A04D2415338E00EBE6DE /* Release */ = {
			isa = XCBuildConfiguration;
			baseConfigurationReference = 7B8EDD92AD385F11CF5E4D8C /* Pods-NewsBrowser.release.xcconfig */;
			buildSettings = {
				ASSETCATALOG_COMPILER_APPICON_NAME = AppIcon;
				CODE_SIGN_STYLE = Automatic;
				DEVELOPMENT_TEAM = RB5KH2XXSL;
				INFOPLIST_FILE = NewsBrowser/Info.plist;
				LD_RUNPATH_SEARCH_PATHS = (
					"$(inherited)",
					"@executable_path/Frameworks",
				);
				PRODUCT_BUNDLE_IDENTIFIER = com.sandramorcos.NewsBrowser;
				PRODUCT_NAME = "$(TARGET_NAME)";
				SWIFT_VERSION = 5.0;
				TARGETED_DEVICE_FAMILY = "1,2";
			};
			name = Release;
		};
/* End XCBuildConfiguration section */

/* Begin XCConfigurationList section */
		A5A9A0322415338D00EBE6DE /* Build configuration list for PBXProject "NewsBrowser" */ = {
			isa = XCConfigurationList;
			buildConfigurations = (
				A5A9A0492415338E00EBE6DE /* Debug */,
				A5A9A04A2415338E00EBE6DE /* Release */,
			);
			defaultConfigurationIsVisible = 0;
			defaultConfigurationName = Release;
		};
		A5A9A04B2415338E00EBE6DE /* Build configuration list for PBXNativeTarget "NewsBrowser" */ = {
			isa = XCConfigurationList;
			buildConfigurations = (
				A5A9A04C2415338E00EBE6DE /* Debug */,
				A5A9A04D2415338E00EBE6DE /* Release */,
			);
			defaultConfigurationIsVisible = 0;
			defaultConfigurationName = Release;
		};
/* End XCConfigurationList section */
	};
	rootObject = A5A9A02F2415338D00EBE6DE /* Project object */;
}
